<?xml version="1.0" encoding="utf-8"?>
<Project ToolsVersion="4.0" xmlns="http://schemas.microsoft.com/developer/msbuild/2003">
  <ItemGroup>
    <Filter Include="assets">
      <UniqueIdentifier>{45c366e7-5a67-4cea-8dfc-22a9bf7c75e5}</UniqueIdentifier>
    </Filter>
    <Filter Include="src">
      <UniqueIdentifier>{13aabd1c-18ff-41d6-8023-cd49e190b81e}</UniqueIdentifier>
    </Filter>
    <Filter Include="src\Asteroids">
      <UniqueIdentifier>{9bb0276b-a6fa-4693-a3c0-6d3d3e5b2e25}</UniqueIdentifier>
    </Filter>
    <Filter Include="src\Objects">
      <UniqueIdentifier>{9b8c5097-9219-41f0-8e5e-9bf78be0a128}</UniqueIdentifier>
    </Filter>
  </ItemGroup>
  <ItemGroup>
    <ClCompile Include="..\src\game\Asteroids.cpp">
      <Filter>src\Asteroids</Filter>
    </ClCompile>
    <ClCompile Include="..\src\gameElements\Credits.cpp">
      <Filter>src\Asteroids</Filter>
    </ClCompile>
    <ClCompile Include="..\src\gameElements\Game.cpp">
      <Filter>src\Asteroids</Filter>
    </ClCompile>
    <ClCompile Include="..\src\gameElements\Global.cpp">
      <Filter>src\Asteroids</Filter>
    </ClCompile>
    <ClCompile Include="..\src\gameElements\Menu.cpp">
      <Filter>src\Asteroids</Filter>
    </ClCompile>
    <ClCompile Include="..\src\gameObjects\Bullet.cpp">
      <Filter>src\Objects</Filter>
    </ClCompile>
    <ClCompile Include="..\src\gameObjects\MediumMeteor.cpp">
      <Filter>src\Objects</Filter>
    </ClCompile>
    <ClCompile Include="..\src\gameObjects\Meteor.cpp">
      <Filter>src\Objects</Filter>
    </ClCompile>
    <ClCompile Include="..\src\gameObjects\Player.cpp">
      <Filter>src\Objects</Filter>
    </ClCompile>
    <ClCompile Include="..\src\gameObjects\Shoot.cpp">
      <Filter>src\Objects</Filter>
    </ClCompile>
    <ClCompile Include="..\src\gameObjects\SmallMeteor.cpp">
      <Filter>src\Objects</Filter>
    </ClCompile>
    <ClCompile Include="..\src\main.cpp">
      <Filter>src</Filter>
    </ClCompile>
  </ItemGroup>
  <ItemGroup>
    <ClInclude Include="..\src\game\Asteroids.h">
      <Filter>src\Asteroids</Filter>
    </ClInclude>
    <ClInclude Include="..\src\gameElements\Credits.h">
      <Filter>src\Asteroids</Filter>
    </ClInclude>
    <ClInclude Include="..\src\gameElements\Game.h">
      <Filter>src\Asteroids</Filter>
    </ClInclude>
    <ClInclude Include="..\src\gameElements\Global.h">
      <Filter>src\Asteroids</Filter>
    </ClInclude>
    <ClInclude Include="..\src\gameElements\Menu.h">
      <Filter>src\Asteroids</Filter>
    </ClInclude>
    <ClInclude Include="..\src\gameObjects\Bullet.h">
      <Filter>src\Objects</Filter>
    </ClInclude>
    <ClInclude Include="..\src\gameObjects\MediumMeteor.h">
      <Filter>src\Objects</Filter>
    </ClInclude>
    <ClInclude Include="..\src\gameObjects\Meteor.h">
      <Filter>src\Objects</Filter>
    </ClInclude>
    <ClInclude Include="..\src\gameObjects\Player.h">
      <Filter>src\Objects</Filter>
    </ClInclude>
    <ClInclude Include="..\src\gameObjects\Shoot.h">
      <Filter>src\Objects</Filter>
    </ClInclude>
    <ClInclude Include="..\src\gameObjects\SmallMeteor.h">
      <Filter>src\Objects</Filter>
    </ClInclude>
  </ItemGroup>
</Project>